
Microsoft Visual Studio Solution File, Format Version 12.00
# Visual Studio Version 17
VisualStudioVersion = 17.14.36127.28 d17.14
MinimumVisualStudioVersion = 10.0.40219.1
Project("{FAE04EC0-301F-11D3-BF4B-00C04F79EFBC}") = "1pk2_Sumcova1", "1pk2_Sumcova1.csproj", "{3B4F3A3A-6EB9-4B12-9221-9217E24EB4F0}"
EndProject
Project("{2150E333-8FDC-42A3-9474-1A3956D46DE8}") = "Lesson_02", "Lesson_02", "{36D591C7-65C7-A0D1-1CBC-10CDE441BDC8}"
EndProject
Project("{FAE04EC0-301F-11D3-BF4B-00C04F79EFBC}") = "Task_02_02", "Task_02_02\Task_02_02.csproj", "{A8E7BDDD-B98E-41AB-B4B0-CBF3D1E6D12F}"
EndProject
Project("{FAE04EC0-301F-11D3-BF4B-00C04F79EFBC}") = "Task_02_04", "Task_02_04\Task_02_04.csproj", "{34089E9C-761A-471F-A62F-484BF25089C0}"
EndProject
Project("{2150E333-8FDC-42A3-9474-1A3956D46DE8}") = "Lesson_03", "Lesson_03", "{5519EC8E-5D5E-42FD-A19C-0E15C4F3D1BB}"
EndProject
Project("{FAE04EC0-301F-11D3-BF4B-00C04F79EFBC}") = "Task_03_04", "Task_03_04\Task_03_04.csproj", "{25D2AF82-BAAC-4EAF-AC9D-0D4BF9BE5EF1}"
EndProject
Project("{FAE04EC0-301F-11D3-BF4B-00C04F79EFBC}") = "Task_03_05", "Task_03_05\Task_03_05.csproj", "{988FAF5B-716F-40B6-A8A4-DBA0CD8EC1E9}"
EndProject
Project("{FAE04EC0-301F-11D3-BF4B-00C04F79EFBC}") = "Task_03_06", "..\Task_03_06\Task_03_06.csproj", "{5FD3D92A-D8AC-48CA-9AFE-87B7249AA139}"
EndProject
Project("{FAE04EC0-301F-11D3-BF4B-00C04F79EFBC}") = "Task_03_07", "Task_03_07\Task_03_07.csproj", "{5240186C-0784-4E9B-A995-11517951F8C1}"
EndProject
Project("{FAE04EC0-301F-11D3-BF4B-00C04F79EFBC}") = "Task_03_08", "..\Task_03_08\Task_03_08.csproj", "{8C99854B-5C1E-4B1E-886A-76754F7181F1}"
EndProject
Project("{FAE04EC0-301F-11D3-BF4B-00C04F79EFBC}") = "Task_03_09", "Task_03_09\Task_03_09.csproj", "{DF7DDBE7-898C-4F20-BF47-08F24BEE5DC4}"
EndProject
Project("{2150E333-8FDC-42A3-9474-1A3956D46DE8}") = "Lesson_04", "Lesson_04", "{0B130FAC-B63D-4976-88F8-90A0D051503A}"
EndProject
Project("{FAE04EC0-301F-11D3-BF4B-00C04F79EFBC}") = "Task_04_05", "Task_04_05\Task_04_05.csproj", "{7D79EF85-4004-4C78-B7DB-EE221BB147B4}"
EndProject
Project("{FAE04EC0-301F-11D3-BF4B-00C04F79EFBC}") = "Task_04_06", "Task_04_06\Task_04_06.csproj", "{CF30610C-D5E6-4393-8A9D-3C084D768B86}"
EndProject
Project("{FAE04EC0-301F-11D3-BF4B-00C04F79EFBC}") = "Task_04_07", "Task_04_07\Task_04_07.csproj", "{42C7058F-01A3-43EE-BD06-00AA926E1D9D}"
EndProject
Project("{FAE04EC0-301F-11D3-BF4B-00C04F79EFBC}") = "Task_04_08", "Task_04_08\Task_04_08.csproj", "{1DDFA378-B2FC-4504-8690-B51CD1575C22}"
EndProject
Project("{FAE04EC0-301F-11D3-BF4B-00C04F79EFBC}") = "Task_04_09", "..\Task_04_09\Task_04_09.csproj", "{52539857-B4B8-4450-A153-BCC815053CE1}"
EndProject
Project("{FAE04EC0-301F-11D3-BF4B-00C04F79EFBC}") = "Task_04_10", "..\Task_04_10\Task_04_10.csproj", "{FA3DC735-8A82-48C5-8E2C-5801CAA5A5FF}"
EndProject
Global
	GlobalSection(SolutionConfigurationPlatforms) = preSolution
		Debug|Any CPU = Debug|Any CPU
		Release|Any CPU = Release|Any CPU
	EndGlobalSection
	GlobalSection(ProjectConfigurationPlatforms) = postSolution
		{3B4F3A3A-6EB9-4B12-9221-9217E24EB4F0}.Debug|Any CPU.ActiveCfg = Debug|Any CPU
		{3B4F3A3A-6EB9-4B12-9221-9217E24EB4F0}.Debug|Any CPU.Build.0 = Debug|Any CPU
		{3B4F3A3A-6EB9-4B12-9221-9217E24EB4F0}.Release|Any CPU.ActiveCfg = Release|Any CPU
		{3B4F3A3A-6EB9-4B12-9221-9217E24EB4F0}.Release|Any CPU.Build.0 = Release|Any CPU
		{A8E7BDDD-B98E-41AB-B4B0-CBF3D1E6D12F}.Debug|Any CPU.ActiveCfg = Debug|Any CPU
		{A8E7BDDD-B98E-41AB-B4B0-CBF3D1E6D12F}.Debug|Any CPU.Build.0 = Debug|Any CPU
		{A8E7BDDD-B98E-41AB-B4B0-CBF3D1E6D12F}.Release|Any CPU.ActiveCfg = Release|Any CPU
		{A8E7BDDD-B98E-41AB-B4B0-CBF3D1E6D12F}.Release|Any CPU.Build.0 = Release|Any CPU
		{34089E9C-761A-471F-A62F-484BF25089C0}.Debug|Any CPU.ActiveCfg = Debug|Any CPU
		{34089E9C-761A-471F-A62F-484BF25089C0}.Debug|Any CPU.Build.0 = Debug|Any CPU
		{34089E9C-761A-471F-A62F-484BF25089C0}.Release|Any CPU.ActiveCfg = Release|Any CPU
		{34089E9C-761A-471F-A62F-484BF25089C0}.Release|Any CPU.Build.0 = Release|Any CPU
		{25D2AF82-BAAC-4EAF-AC9D-0D4BF9BE5EF1}.Debug|Any CPU.ActiveCfg = Debug|Any CPU
		{25D2AF82-BAAC-4EAF-AC9D-0D4BF9BE5EF1}.Debug|Any CPU.Build.0 = Debug|Any CPU
		{25D2AF82-BAAC-4EAF-AC9D-0D4BF9BE5EF1}.Release|Any CPU.ActiveCfg = Release|Any CPU
		{25D2AF82-BAAC-4EAF-AC9D-0D4BF9BE5EF1}.Release|Any CPU.Build.0 = Release|Any CPU
		{988FAF5B-716F-40B6-A8A4-DBA0CD8EC1E9}.Debug|Any CPU.ActiveCfg = Debug|Any CPU
		{988FAF5B-716F-40B6-A8A4-DBA0CD8EC1E9}.Debug|Any CPU.Build.0 = Debug|Any CPU
		{988FAF5B-716F-40B6-A8A4-DBA0CD8EC1E9}.Release|Any CPU.ActiveCfg = Release|Any CPU
		{988FAF5B-716F-40B6-A8A4-DBA0CD8EC1E9}.Release|Any CPU.Build.0 = Release|Any CPU
		{5FD3D92A-D8AC-48CA-9AFE-87B7249AA139}.Debug|Any CPU.ActiveCfg = Debug|Any CPU
		{5FD3D92A-D8AC-48CA-9AFE-87B7249AA139}.Debug|Any CPU.Build.0 = Debug|Any CPU
		{5FD3D92A-D8AC-48CA-9AFE-87B7249AA139}.Release|Any CPU.ActiveCfg = Release|Any CPU
		{5FD3D92A-D8AC-48CA-9AFE-87B7249AA139}.Release|Any CPU.Build.0 = Release|Any CPU
		{5240186C-0784-4E9B-A995-11517951F8C1}.Debug|Any CPU.ActiveCfg = Debug|Any CPU
		{5240186C-0784-4E9B-A995-11517951F8C1}.Debug|Any CPU.Build.0 = Debug|Any CPU
		{5240186C-0784-4E9B-A995-11517951F8C1}.Release|Any CPU.ActiveCfg = Release|Any CPU
		{5240186C-0784-4E9B-A995-11517951F8C1}.Release|Any CPU.Build.0 = Release|Any CPU
		{8C99854B-5C1E-4B1E-886A-76754F7181F1}.Debug|Any CPU.ActiveCfg = Debug|Any CPU
		{8C99854B-5C1E-4B1E-886A-76754F7181F1}.Debug|Any CPU.Build.0 = Debug|Any CPU
		{8C99854B-5C1E-4B1E-886A-76754F7181F1}.Release|Any CPU.ActiveCfg = Release|Any CPU
		{8C99854B-5C1E-4B1E-886A-76754F7181F1}.Release|Any CPU.Build.0 = Release|Any CPU
		{DF7DDBE7-898C-4F20-BF47-08F24BEE5DC4}.Debug|Any CPU.ActiveCfg = Debug|Any CPU
		{DF7DDBE7-898C-4F20-BF47-08F24BEE5DC4}.Debug|Any CPU.Build.0 = Debug|Any CPU
		{DF7DDBE7-898C-4F20-BF47-08F24BEE5DC4}.Release|Any CPU.ActiveCfg = Release|Any CPU
		{DF7DDBE7-898C-4F20-BF47-08F24BEE5DC4}.Release|Any CPU.Build.0 = Release|Any CPU
		{7D79EF85-4004-4C78-B7DB-EE221BB147B4}.Debug|Any CPU.ActiveCfg = Debug|Any CPU
		{7D79EF85-4004-4C78-B7DB-EE221BB147B4}.Debug|Any CPU.Build.0 = Debug|Any CPU
		{7D79EF85-4004-4C78-B7DB-EE221BB147B4}.Release|Any CPU.ActiveCfg = Release|Any CPU
		{7D79EF85-4004-4C78-B7DB-EE221BB147B4}.Release|Any CPU.Build.0 = Release|Any CPU
		{CF30610C-D5E6-4393-8A9D-3C084D768B86}.Debug|Any CPU.ActiveCfg = Debug|Any CPU
		{CF30610C-D5E6-4393-8A9D-3C084D768B86}.Debug|Any CPU.Build.0 = Debug|Any CPU
		{CF30610C-D5E6-4393-8A9D-3C084D768B86}.Release|Any CPU.ActiveCfg = Release|Any CPU
		{CF30610C-D5E6-4393-8A9D-3C084D768B86}.Release|Any CPU.Build.0 = Release|Any CPU
		{42C7058F-01A3-43EE-BD06-00AA926E1D9D}.Debug|Any CPU.ActiveCfg = Debug|Any CPU
		{42C7058F-01A3-43EE-BD06-00AA926E1D9D}.Debug|Any CPU.Build.0 = Debug|Any CPU
		{42C7058F-01A3-43EE-BD06-00AA926E1D9D}.Release|Any CPU.ActiveCfg = Release|Any CPU
		{42C7058F-01A3-43EE-BD06-00AA926E1D9D}.Release|Any CPU.Build.0 = Release|Any CPU
		{1DDFA378-B2FC-4504-8690-B51CD1575C22}.Debug|Any CPU.ActiveCfg = Debug|Any CPU
		{1DDFA378-B2FC-4504-8690-B51CD1575C22}.Debug|Any CPU.Build.0 = Debug|Any CPU
		{1DDFA378-B2FC-4504-8690-B51CD1575C22}.Release|Any CPU.ActiveCfg = Release|Any CPU
		{1DDFA378-B2FC-4504-8690-B51CD1575C22}.Release|Any CPU.Build.0 = Release|Any CPU
		{52539857-B4B8-4450-A153-BCC815053CE1}.Debug|Any CPU.ActiveCfg = Debug|Any CPU
		{52539857-B4B8-4450-A153-BCC815053CE1}.Debug|Any CPU.Build.0 = Debug|Any CPU
		{52539857-B4B8-4450-A153-BCC815053CE1}.Release|Any CPU.ActiveCfg = Release|Any CPU
		{52539857-B4B8-4450-A153-BCC815053CE1}.Release|Any CPU.Build.0 = Release|Any CPU
		{FA3DC735-8A82-48C5-8E2C-5801CAA5A5FF}.Debug|Any CPU.ActiveCfg = Debug|Any CPU
		{FA3DC735-8A82-48C5-8E2C-5801CAA5A5FF}.Debug|Any CPU.Build.0 = Debug|Any CPU
		{FA3DC735-8A82-48C5-8E2C-5801CAA5A5FF}.Release|Any CPU.ActiveCfg = Release|Any CPU
		{FA3DC735-8A82-48C5-8E2C-5801CAA5A5FF}.Release|Any CPU.Build.0 = Release|Any CPU
	EndGlobalSection
	GlobalSection(SolutionProperties) = preSolution
		HideSolutionNode = FALSE
	EndGlobalSection
	GlobalSection(NestedProjects) = preSolution
		{A8E7BDDD-B98E-41AB-B4B0-CBF3D1E6D12F} = {36D591C7-65C7-A0D1-1CBC-10CDE441BDC8}
		{34089E9C-761A-471F-A62F-484BF25089C0} = {36D591C7-65C7-A0D1-1CBC-10CDE441BDC8}
		{25D2AF82-BAAC-4EAF-AC9D-0D4BF9BE5EF1} = {5519EC8E-5D5E-42FD-A19C-0E15C4F3D1BB}
		{988FAF5B-716F-40B6-A8A4-DBA0CD8EC1E9} = {5519EC8E-5D5E-42FD-A19C-0E15C4F3D1BB}
		{5FD3D92A-D8AC-48CA-9AFE-87B7249AA139} = {5519EC8E-5D5E-42FD-A19C-0E15C4F3D1BB}
		{5240186C-0784-4E9B-A995-11517951F8C1} = {5519EC8E-5D5E-42FD-A19C-0E15C4F3D1BB}
		{8C99854B-5C1E-4B1E-886A-76754F7181F1} = {5519EC8E-5D5E-42FD-A19C-0E15C4F3D1BB}
		{DF7DDBE7-898C-4F20-BF47-08F24BEE5DC4} = {5519EC8E-5D5E-42FD-A19C-0E15C4F3D1BB}
		{7D79EF85-4004-4C78-B7DB-EE221BB147B4} = {0B130FAC-B63D-4976-88F8-90A0D051503A}
		{CF30610C-D5E6-4393-8A9D-3C084D768B86} = {0B130FAC-B63D-4976-88F8-90A0D051503A}
		{42C7058F-01A3-43EE-BD06-00AA926E1D9D} = {0B130FAC-B63D-4976-88F8-90A0D051503A}
		{1DDFA378-B2FC-4504-8690-B51CD1575C22} = {0B130FAC-B63D-4976-88F8-90A0D051503A}
		{52539857-B4B8-4450-A153-BCC815053CE1} = {0B130FAC-B63D-4976-88F8-90A0D051503A}
		{FA3DC735-8A82-48C5-8E2C-5801CAA5A5FF} = {0B130FAC-B63D-4976-88F8-90A0D051503A}
	EndGlobalSection
	GlobalSection(ExtensibilityGlobals) = postSolution
		SolutionGuid = {A7EC37E3-A8DD-4299-A36A-BDF5BA5A4ACA}
	EndGlobalSection
EndGlobal
