
Microsoft Visual Studio Solution File, Format Version 12.00
# Visual Studio Version 17
VisualStudioVersion = 17.14.36127.28 d17.14
MinimumVisualStudioVersion = 10.0.40219.1
Project("{FAE04EC0-301F-11D3-BF4B-00C04F79EFBC}") = "task_39_02", "task_39_02.csproj", "{DEFD5A9A-DE24-4AFA-A4B2-911DE7B43051}"
EndProject
Global
	GlobalSection(SolutionConfigurationPlatforms) = preSolution
		Debug|Any CPU = Debug|Any CPU
		Release|Any CPU = Release|Any CPU
	EndGlobalSection
	GlobalSection(ProjectConfigurationPlatforms) = postSolution
		{DEFD5A9A-DE24-4AFA-A4B2-911DE7B43051}.Debug|Any CPU.ActiveCfg = Debug|Any CPU
		{DEFD5A9A-DE24-4AFA-A4B2-911DE7B43051}.Debug|Any CPU.Build.0 = Debug|Any CPU
		{DEFD5A9A-DE24-4AFA-A4B2-911DE7B43051}.Release|Any CPU.ActiveCfg = Release|Any CPU
		{DEFD5A9A-DE24-4AFA-A4B2-911DE7B43051}.Release|Any CPU.Build.0 = Release|Any CPU
	EndGlobalSection
	GlobalSection(SolutionProperties) = preSolution
		HideSolutionNode = FALSE
	EndGlobalSection
	GlobalSection(ExtensibilityGlobals) = postSolution
		SolutionGuid = {984151A8-C383-41FF-ACA8-227C64ACC3E2}
	EndGlobalSection
EndGlobal
